
Microsoft Visual Studio Solution File, Format Version 12.00
# Visual Studio Version 16
VisualStudioVersion = 16.0.30804.86
MinimumVisualStudioVersion = 10.0.40219.1
Project("{9A19103F-16F7-4668-BE54-9A1E7A4F7556}") = "DevIO.Business", "src\DevIO.Business\DevIO.Business.csproj", "{C6528BD0-5328-433C-989A-2B7EF992D908}"
EndProject
Project("{9A19103F-16F7-4668-BE54-9A1E7A4F7556}") = "DevIO.Data", "src\DevIO.Data\DevIO.Data.csproj", "{B21818CB-8104-45EC-9157-DC9C3CF818B2}"
EndProject
Project("{9A19103F-16F7-4668-BE54-9A1E7A4F7556}") = "DevIO.Api", "src\DevIO.Api\DevIO.Api.csproj", "{22C10A3D-81FC-46FC-9DD3-4BF8E445C340}"
EndProject
Project("{FAE04EC0-301F-11D3-BF4B-00C04F79EFBC}") = "DevIO.Test", "DevIO.Test\DevIO.Test.csproj", "{F89D8C2F-16A6-405E-8937-85F8F4C92036}"
EndProject
Global
	GlobalSection(SolutionConfigurationPlatforms) = preSolution
		Debug|Any CPU = Debug|Any CPU
		Release|Any CPU = Release|Any CPU
	EndGlobalSection
	GlobalSection(ProjectConfigurationPlatforms) = postSolution
		{C6528BD0-5328-433C-989A-2B7EF992D908}.Debug|Any CPU.ActiveCfg = Debug|Any CPU
		{C6528BD0-5328-433C-989A-2B7EF992D908}.Debug|Any CPU.Build.0 = Debug|Any CPU
		{C6528BD0-5328-433C-989A-2B7EF992D908}.Release|Any CPU.ActiveCfg = Release|Any CPU
		{C6528BD0-5328-433C-989A-2B7EF992D908}.Release|Any CPU.Build.0 = Release|Any CPU
		{B21818CB-8104-45EC-9157-DC9C3CF818B2}.Debug|Any CPU.ActiveCfg = Debug|Any CPU
		{B21818CB-8104-45EC-9157-DC9C3CF818B2}.Debug|Any CPU.Build.0 = Debug|Any CPU
		{B21818CB-8104-45EC-9157-DC9C3CF818B2}.Release|Any CPU.ActiveCfg = Release|Any CPU
		{B21818CB-8104-45EC-9157-DC9C3CF818B2}.Release|Any CPU.Build.0 = Release|Any CPU
		{22C10A3D-81FC-46FC-9DD3-4BF8E445C340}.Debug|Any CPU.ActiveCfg = Debug|Any CPU
		{22C10A3D-81FC-46FC-9DD3-4BF8E445C340}.Debug|Any CPU.Build.0 = Debug|Any CPU
		{22C10A3D-81FC-46FC-9DD3-4BF8E445C340}.Release|Any CPU.ActiveCfg = Release|Any CPU
		{22C10A3D-81FC-46FC-9DD3-4BF8E445C340}.Release|Any CPU.Build.0 = Release|Any CPU
		{F89D8C2F-16A6-405E-8937-85F8F4C92036}.Debug|Any CPU.ActiveCfg = Debug|Any CPU
		{F89D8C2F-16A6-405E-8937-85F8F4C92036}.Debug|Any CPU.Build.0 = Debug|Any CPU
		{F89D8C2F-16A6-405E-8937-85F8F4C92036}.Release|Any CPU.ActiveCfg = Release|Any CPU
		{F89D8C2F-16A6-405E-8937-85F8F4C92036}.Release|Any CPU.Build.0 = Release|Any CPU
	EndGlobalSection
	GlobalSection(SolutionProperties) = preSolution
		HideSolutionNode = FALSE
	EndGlobalSection
	GlobalSection(ExtensibilityGlobals) = postSolution
		SolutionGuid = {FAD70D0D-0684-4E1E-8E70-10FEA823F934}
	EndGlobalSection
EndGlobal
